
Microsoft Visual Studio Solution File, Format Version 12.00
# Visual Studio Version 17
VisualStudioVersion = 17.14.36109.1 d17.14
MinimumVisualStudioVersion = 10.0.40219.1
Project("{FAE04EC0-301F-11D3-BF4B-00C04F79EFBC}") = "Biblioteca de Alexandria", "Biblioteca de Alexandria\Biblioteca de Alexandria.csproj", "{5215E749-F5C1-41C5-A802-49277BF58FCF}"
EndProject
Global
	GlobalSection(SolutionConfigurationPlatforms) = preSolution
		Debug|Any CPU = Debug|Any CPU
		Release|Any CPU = Release|Any CPU
	EndGlobalSection
	GlobalSection(ProjectConfigurationPlatforms) = postSolution
		{5215E749-F5C1-41C5-A802-49277BF58FCF}.Debug|Any CPU.ActiveCfg = Debug|Any CPU
		{5215E749-F5C1-41C5-A802-49277BF58FCF}.Debug|Any CPU.Build.0 = Debug|Any CPU
		{5215E749-F5C1-41C5-A802-49277BF58FCF}.Release|Any CPU.ActiveCfg = Release|Any CPU
		{5215E749-F5C1-41C5-A802-49277BF58FCF}.Release|Any CPU.Build.0 = Release|Any CPU
	EndGlobalSection
	GlobalSection(SolutionProperties) = preSolution
		HideSolutionNode = FALSE
	EndGlobalSection
	GlobalSection(ExtensibilityGlobals) = postSolution
		SolutionGuid = {E6FCF6B0-BD8E-4F32-BA80-9619F5CF91EA}
	EndGlobalSection
EndGlobal
